
Microsoft Visual Studio Solution File, Format Version 12.00
# Visual Studio Version 16
VisualStudioVersion = 16.0.31613.86
MinimumVisualStudioVersion = 10.0.40219.1
Project("{FAE04EC0-301F-11D3-BF4B-00C04F79EFBC}") = "SisAvikar.Api", "SisAvikar.Api\SisAvikar.Api.csproj", "{8D36C914-94CE-447B-A0B6-4E0F7F6FBB3A}"
EndProject
Project("{FAE04EC0-301F-11D3-BF4B-00C04F79EFBC}") = "SisAvikar.Core", "SisAvikar.Core\SisAvikar.Core.csproj", "{77DDC94E-8A4D-40E7-9CF0-2A2323F098C6}"
EndProject
Project("{FAE04EC0-301F-11D3-BF4B-00C04F79EFBC}") = "SisAvikar.Infrastructure", "SisAvikar.Infrastructure\SisAvikar.Infrastructure.csproj", "{D353B46D-602F-42A9-941F-B1C0A7555248}"
EndProject
Global
	GlobalSection(SolutionConfigurationPlatforms) = preSolution
		Debug|Any CPU = Debug|Any CPU
		Release|Any CPU = Release|Any CPU
	EndGlobalSection
	GlobalSection(ProjectConfigurationPlatforms) = postSolution
		{8D36C914-94CE-447B-A0B6-4E0F7F6FBB3A}.Debug|Any CPU.ActiveCfg = Debug|Any CPU
		{8D36C914-94CE-447B-A0B6-4E0F7F6FBB3A}.Debug|Any CPU.Build.0 = Debug|Any CPU
		{8D36C914-94CE-447B-A0B6-4E0F7F6FBB3A}.Release|Any CPU.ActiveCfg = Release|Any CPU
		{8D36C914-94CE-447B-A0B6-4E0F7F6FBB3A}.Release|Any CPU.Build.0 = Release|Any CPU
		{77DDC94E-8A4D-40E7-9CF0-2A2323F098C6}.Debug|Any CPU.ActiveCfg = Debug|Any CPU
		{77DDC94E-8A4D-40E7-9CF0-2A2323F098C6}.Debug|Any CPU.Build.0 = Debug|Any CPU
		{77DDC94E-8A4D-40E7-9CF0-2A2323F098C6}.Release|Any CPU.ActiveCfg = Release|Any CPU
		{77DDC94E-8A4D-40E7-9CF0-2A2323F098C6}.Release|Any CPU.Build.0 = Release|Any CPU
		{D353B46D-602F-42A9-941F-B1C0A7555248}.Debug|Any CPU.ActiveCfg = Debug|Any CPU
		{D353B46D-602F-42A9-941F-B1C0A7555248}.Debug|Any CPU.Build.0 = Debug|Any CPU
		{D353B46D-602F-42A9-941F-B1C0A7555248}.Release|Any CPU.ActiveCfg = Release|Any CPU
		{D353B46D-602F-42A9-941F-B1C0A7555248}.Release|Any CPU.Build.0 = Release|Any CPU
	EndGlobalSection
	GlobalSection(SolutionProperties) = preSolution
		HideSolutionNode = FALSE
	EndGlobalSection
	GlobalSection(ExtensibilityGlobals) = postSolution
		SolutionGuid = {30862C81-AB60-4DFB-A653-785D0005A24C}
	EndGlobalSection
EndGlobal
